// !$*UTF8*$!
{
	archiveVersion = 1;
	classes = {
	};
	objectVersion = 55;
	objects = {

/* Begin PBXBuildFile section */
		8C44C3BD273AEC76009271E3 /* PatientInformationViewController.swift in Sources */ = {isa = PBXBuildFile; fileRef = 8C44C3BC273AEC76009271E3 /* PatientInformationViewController.swift */; };
		8C769B612741167300CAC73C /* Settings.bundle in Resources */ = {isa = PBXBuildFile; fileRef = 8C769B602741167300CAC73C /* Settings.bundle */; };
		8CBA009C273A4B6300A8E44A /* AppDelegate.swift in Sources */ = {isa = PBXBuildFile; fileRef = 8CBA009B273A4B6300A8E44A /* AppDelegate.swift */; };
		8CBA009E273A4B6300A8E44A /* SceneDelegate.swift in Sources */ = {isa = PBXBuildFile; fileRef = 8CBA009D273A4B6300A8E44A /* SceneDelegate.swift */; };
		8CBA00A0273A4B6300A8E44A /* ViewController.swift in Sources */ = {isa = PBXBuildFile; fileRef = 8CBA009F273A4B6300A8E44A /* ViewController.swift */; };
		8CBA00A3273A4B6300A8E44A /* Main.storyboard in Resources */ = {isa = PBXBuildFile; fileRef = 8CBA00A1273A4B6300A8E44A /* Main.storyboard */; };
		8CBA00A5273A4B6400A8E44A /* Assets.xcassets in Resources */ = {isa = PBXBuildFile; fileRef = 8CBA00A4273A4B6400A8E44A /* Assets.xcassets */; };
		8CBA00A8273A4B6400A8E44A /* LaunchScreen.storyboard in Resources */ = {isa = PBXBuildFile; fileRef = 8CBA00A6273A4B6400A8E44A /* LaunchScreen.storyboard */; };
		8CBA00BA273A4BCA00A8E44A /* Ex.swift in Sources */ = {isa = PBXBuildFile; fileRef = 8CBA00B9273A4BCA00A8E44A /* Ex.swift */; };
		8CBA00BF273A4C4600A8E44A /* SelectionViewController.swift in Sources */ = {isa = PBXBuildFile; fileRef = 8CBA00BC273A4C4500A8E44A /* SelectionViewController.swift */; };
		8CBA00C0273A4C4600A8E44A /* RegistrationViewController.swift in Sources */ = {isa = PBXBuildFile; fileRef = 8CBA00BD273A4C4600A8E44A /* RegistrationViewController.swift */; };
		A27D3CF6273CCE7900C0DA1D /* User.swift in Sources */ = {isa = PBXBuildFile; fileRef = A27D3CF5273CCE7900C0DA1D /* User.swift */; };
		A27D3CF8273D53FB00C0DA1D /* EmergencyCallViewController.swift in Sources */ = {isa = PBXBuildFile; fileRef = A27D3CF7273D53FB00C0DA1D /* EmergencyCallViewController.swift */; };
		A27D3CFA273F699300C0DA1D /* SettingsViewController.swift in Sources */ = {isa = PBXBuildFile; fileRef = A27D3CF9273F699300C0DA1D /* SettingsViewController.swift */; };
/* End PBXBuildFile section */

/* Begin PBXFileReference section */
		8C44C3BC273AEC76009271E3 /* PatientInformationViewController.swift */ = {isa = PBXFileReference; lastKnownFileType = sourcecode.swift; path = PatientInformationViewController.swift; sourceTree = "<group>"; };
		8C44C3C6273FF9B4009271E3 /* ar-SA */ = {isa = PBXFileReference; lastKnownFileType = text.plist.strings; name = "ar-SA"; path = "ar-SA.lproj/Main.strings"; sourceTree = "<group>"; };
		8C44C3C7273FF9B4009271E3 /* ar-SA */ = {isa = PBXFileReference; lastKnownFileType = text.plist.strings; name = "ar-SA"; path = "ar-SA.lproj/LaunchScreen.strings"; sourceTree = "<group>"; };
		8C769B602741167300CAC73C /* Settings.bundle */ = {isa = PBXFileReference; lastKnownFileType = "wrapper.plug-in"; name = Settings.bundle; path = ../../../Desktop/copy/Relief/Relief/Settings.bundle; sourceTree = "<group>"; };
		8CBA0098273A4B6300A8E44A /* Relief.app */ = {isa = PBXFileReference; explicitFileType = wrapper.application; includeInIndex = 0; path = Relief.app; sourceTree = BUILT_PRODUCTS_DIR; };
		8CBA009B273A4B6300A8E44A /* AppDelegate.swift */ = {isa = PBXFileReference; lastKnownFileType = sourcecode.swift; path = AppDelegate.swift; sourceTree = "<group>"; };
		8CBA009D273A4B6300A8E44A /* SceneDelegate.swift */ = {isa = PBXFileReference; lastKnownFileType = sourcecode.swift; path = SceneDelegate.swift; sourceTree = "<group>"; };
		8CBA009F273A4B6300A8E44A /* ViewController.swift */ = {isa = PBXFileReference; lastKnownFileType = sourcecode.swift; path = ViewController.swift; sourceTree = "<group>"; };
		8CBA00A2273A4B6300A8E44A /* Base */ = {isa = PBXFileReference; lastKnownFileType = file.storyboard; name = Base; path = Base.lproj/Main.storyboard; sourceTree = "<group>"; };
		8CBA00A4273A4B6400A8E44A /* Assets.xcassets */ = {isa = PBXFileReference; lastKnownFileType = folder.assetcatalog; path = Assets.xcassets; sourceTree = "<group>"; };
		8CBA00A7273A4B6400A8E44A /* Base */ = {isa = PBXFileReference; lastKnownFileType = file.storyboard; name = Base; path = Base.lproj/LaunchScreen.storyboard; sourceTree = "<group>"; };
		8CBA00A9273A4B6400A8E44A /* Info.plist */ = {isa = PBXFileReference; lastKnownFileType = text.plist.xml; path = Info.plist; sourceTree = "<group>"; };
		8CBA00B9273A4BCA00A8E44A /* Ex.swift */ = {isa = PBXFileReference; fileEncoding = 4; lastKnownFileType = sourcecode.swift; path = Ex.swift; sourceTree = "<group>"; };
		8CBA00BC273A4C4500A8E44A /* SelectionViewController.swift */ = {isa = PBXFileReference; fileEncoding = 4; lastKnownFileType = sourcecode.swift; path = SelectionViewController.swift; sourceTree = "<group>"; };
		8CBA00BD273A4C4600A8E44A /* RegistrationViewController.swift */ = {isa = PBXFileReference; fileEncoding = 4; lastKnownFileType = sourcecode.swift; path = RegistrationViewController.swift; sourceTree = "<group>"; };
		A27D3CF5273CCE7900C0DA1D /* User.swift */ = {isa = PBXFileReference; lastKnownFileType = sourcecode.swift; path = User.swift; sourceTree = "<group>"; };
		A27D3CF7273D53FB00C0DA1D /* EmergencyCallViewController.swift */ = {isa = PBXFileReference; lastKnownFileType = sourcecode.swift; path = EmergencyCallViewController.swift; sourceTree = "<group>"; };
		A27D3CF9273F699300C0DA1D /* SettingsViewController.swift */ = {isa = PBXFileReference; lastKnownFileType = sourcecode.swift; path = SettingsViewController.swift; sourceTree = "<group>"; };
/* End PBXFileReference section */

/* Begin PBXFrameworksBuildPhase section */
		8CBA0095273A4B6300A8E44A /* Frameworks */ = {
			isa = PBXFrameworksBuildPhase;
			buildActionMask = 2147483647;
			files = (
			);
			runOnlyForDeploymentPostprocessing = 0;
		};
/* End PBXFrameworksBuildPhase section */

/* Begin PBXGroup section */
		8CBA008F273A4B6300A8E44A = {
			isa = PBXGroup;
			children = (
				8CBA009A273A4B6300A8E44A /* Relief */,
				8CBA0099273A4B6300A8E44A /* Products */,
			);
			sourceTree = "<group>";
		};
		8CBA0099273A4B6300A8E44A /* Products */ = {
			isa = PBXGroup;
			children = (
				8CBA0098273A4B6300A8E44A /* Relief.app */,
			);
			name = Products;
			sourceTree = "<group>";
		};
		8CBA009A273A4B6300A8E44A /* Relief */ = {
			isa = PBXGroup;
			children = (
				8CBA00BB273A4C3400A8E44A /* Controllers */,
				8CBA00B8273A4BB800A8E44A /* extensions */,
				8CBA00AF273A4B9600A8E44A /* Model */,
				8CBA009D273A4B6300A8E44A /* SceneDelegate.swift */,
				8CBA009F273A4B6300A8E44A /* ViewController.swift */,
				8CBA00A1273A4B6300A8E44A /* Main.storyboard */,
				8CBA009B273A4B6300A8E44A /* AppDelegate.swift */,
				8CBA00A4273A4B6400A8E44A /* Assets.xcassets */,
				8CBA00A6273A4B6400A8E44A /* LaunchScreen.storyboard */,
				8CBA00A9273A4B6400A8E44A /* Info.plist */,
				8C769B602741167300CAC73C /* Settings.bundle */,
			);
			path = Relief;
			sourceTree = "<group>";
		};
		8CBA00AF273A4B9600A8E44A /* Model */ = {
			isa = PBXGroup;
			children = (
				A27D3CF5273CCE7900C0DA1D /* User.swift */,
			);
			path = Model;
			sourceTree = "<group>";
		};
		8CBA00B8273A4BB800A8E44A /* extensions */ = {
			isa = PBXGroup;
			children = (
				8CBA00B9273A4BCA00A8E44A /* Ex.swift */,
			);
			path = extensions;
			sourceTree = "<group>";
		};
		8CBA00BB273A4C3400A8E44A /* Controllers */ = {
			isa = PBXGroup;
			children = (
				8CBA00BC273A4C4500A8E44A /* SelectionViewController.swift */,
				8CBA00BD273A4C4600A8E44A /* RegistrationViewController.swift */,
				8C44C3BC273AEC76009271E3 /* PatientInformationViewController.swift */,
				A27D3CF7273D53FB00C0DA1D /* EmergencyCallViewController.swift */,
				A27D3CF9273F699300C0DA1D /* SettingsViewController.swift */,
			);
			path = Controllers;
			sourceTree = "<group>";
		};
/* End PBXGroup section */

/* Begin PBXNativeTarget section */
		8CBA0097273A4B6300A8E44A /* Relief */ = {
			isa = PBXNativeTarget;
			buildConfigurationList = 8CBA00AC273A4B6400A8E44A /* Build configuration list for PBXNativeTarget "Relief" */;
			buildPhases = (
				8CBA0094273A4B6300A8E44A /* Sources */,
				8CBA0095273A4B6300A8E44A /* Frameworks */,
				8CBA0096273A4B6300A8E44A /* Resources */,
			);
			buildRules = (
			);
			dependencies = (
			);
			name = Relief;
			productName = Relief;
			productReference = 8CBA0098273A4B6300A8E44A /* Relief.app */;
			productType = "com.apple.product-type.application";
		};
/* End PBXNativeTarget section */

/* Begin PBXProject section */
		8CBA0090273A4B6300A8E44A /* Project object */ = {
			isa = PBXProject;
			attributes = {
				BuildIndependentTargetsInParallel = 1;
				LastSwiftUpdateCheck = 1310;
				LastUpgradeCheck = 1310;
				TargetAttributes = {
					8CBA0097273A4B6300A8E44A = {
						CreatedOnToolsVersion = 13.1;
					};
				};
			};
			buildConfigurationList = 8CBA0093273A4B6300A8E44A /* Build configuration list for PBXProject "Relief" */;
			compatibilityVersion = "Xcode 13.0";
			developmentRegion = en;
			hasScannedForEncodings = 0;
			knownRegions = (
				en,
				Base,
				"ar-SA",
			);
			mainGroup = 8CBA008F273A4B6300A8E44A;
			productRefGroup = 8CBA0099273A4B6300A8E44A /* Products */;
			projectDirPath = "";
			projectRoot = "";
			targets = (
				8CBA0097273A4B6300A8E44A /* Relief */,
			);
		};
/* End PBXProject section */

/* Begin PBXResourcesBuildPhase section */
		8CBA0096273A4B6300A8E44A /* Resources */ = {
			isa = PBXResourcesBuildPhase;
			buildActionMask = 2147483647;
			files = (
				8C769B612741167300CAC73C /* Settings.bundle in Resources */,
				8CBA00A8273A4B6400A8E44A /* LaunchScreen.storyboard in Resources */,
				8CBA00A5273A4B6400A8E44A /* Assets.xcassets in Resources */,
				8CBA00A3273A4B6300A8E44A /* Main.storyboard in Resources */,
			);
			runOnlyForDeploymentPostprocessing = 0;
		};
/* End PBXResourcesBuildPhase section */

/* Begin PBXSourcesBuildPhase section */
		8CBA0094273A4B6300A8E44A /* Sources */ = {
			isa = PBXSourcesBuildPhase;
			buildActionMask = 2147483647;
			files = (
				A27D3CF6273CCE7900C0DA1D /* User.swift in Sources */,
				8CBA00BA273A4BCA00A8E44A /* Ex.swift in Sources */,
				8CBA00A0273A4B6300A8E44A /* ViewController.swift in Sources */,
				A27D3CFA273F699300C0DA1D /* SettingsViewController.swift in Sources */,
				8CBA009C273A4B6300A8E44A /* AppDelegate.swift in Sources */,
				8CBA00C0273A4C4600A8E44A /* RegistrationViewController.swift in Sources */,
				8CBA00BF273A4C4600A8E44A /* SelectionViewController.swift in Sources */,
				8C44C3BD273AEC76009271E3 /* PatientInformationViewController.swift in Sources */,
				A27D3CF8273D53FB00C0DA1D /* EmergencyCallViewController.swift in Sources */,
				8CBA009E273A4B6300A8E44A /* SceneDelegate.swift in Sources */,
			);
			runOnlyForDeploymentPostprocessing = 0;
		};
/* End PBXSourcesBuildPhase section */

/* Begin PBXVariantGroup section */
		8CBA00A1273A4B6300A8E44A /* Main.storyboard */ = {
			isa = PBXVariantGroup;
			children = (
				8CBA00A2273A4B6300A8E44A /* Base */,
				8C44C3C6273FF9B4009271E3 /* ar-SA */,
			);
			name = Main.storyboard;
			sourceTree = "<group>";
		};
		8CBA00A6273A4B6400A8E44A /* LaunchScreen.storyboard */ = {
			isa = PBXVariantGroup;
			children = (
				8CBA00A7273A4B6400A8E44A /* Base */,
				8C44C3C7273FF9B4009271E3 /* ar-SA */,
			);
			name = LaunchScreen.storyboard;
			sourceTree = "<group>";
		};
/* End PBXVariantGroup section */

/* Begin XCBuildConfiguration section */
		8CBA00AA273A4B6400A8E44A /* Debug */ = {
			isa = XCBuildConfiguration;
			buildSettings = {
				ALWAYS_SEARCH_USER_PATHS = NO;
				CLANG_ANALYZER_LOCALIZABILITY_NONLOCALIZED = YES;
				CLANG_ANALYZER_NONNULL = YES;
				CLANG_ANALYZER_NUMBER_OBJECT_CONVERSION = YES_AGGRESSIVE;
				CLANG_CXX_LANGUAGE_STANDARD = "gnu++17";
				CLANG_CXX_LIBRARY = "libc++";
				CLANG_ENABLE_MODULES = YES;
				CLANG_ENABLE_OBJC_ARC = YES;
				CLANG_ENABLE_OBJC_WEAK = YES;
				CLANG_WARN_BLOCK_CAPTURE_AUTORELEASING = YES;
				CLANG_WARN_BOOL_CONVERSION = YES;
				CLANG_WARN_COMMA = YES;
				CLANG_WARN_CONSTANT_CONVERSION = YES;
				CLANG_WARN_DEPRECATED_OBJC_IMPLEMENTATIONS = YES;
				CLANG_WARN_DIRECT_OBJC_ISA_USAGE = YES_ERROR;
				CLANG_WARN_DOCUMENTATION_COMMENTS = YES;
				CLANG_WARN_EMPTY_BODY = YES;
				CLANG_WARN_ENUM_CONVERSION = YES;
				CLANG_WARN_INFINITE_RECURSION = YES;
				CLANG_WARN_INT_CONVERSION = YES;
				CLANG_WARN_NON_LITERAL_NULL_CONVERSION = YES;
				CLANG_WARN_OBJC_IMPLICIT_RETAIN_SELF = YES;
				CLANG_WARN_OBJC_LITERAL_CONVERSION = YES;
				CLANG_WARN_OBJC_ROOT_CLASS = YES_ERROR;
				CLANG_WARN_QUOTED_INCLUDE_IN_FRAMEWORK_HEADER = YES;
				CLANG_WARN_RANGE_LOOP_ANALYSIS = YES;
				CLANG_WARN_STRICT_PROTOTYPES = YES;
				CLANG_WARN_SUSPICIOUS_MOVE = YES;
				CLANG_WARN_UNGUARDED_AVAILABILITY = YES_AGGRESSIVE;
				CLANG_WARN_UNREACHABLE_CODE = YES;
				CLANG_WARN__DUPLICATE_METHOD_MATCH = YES;
				COPY_PHASE_STRIP = NO;
				DEBUG_INFORMATION_FORMAT = dwarf;
				ENABLE_STRICT_OBJC_MSGSEND = YES;
				ENABLE_TESTABILITY = YES;
				GCC_C_LANGUAGE_STANDARD = gnu11;
				GCC_DYNAMIC_NO_PIC = NO;
				GCC_NO_COMMON_BLOCKS = YES;
				GCC_OPTIMIZATION_LEVEL = 0;
				GCC_PREPROCESSOR_DEFINITIONS = (
					"DEBUG=1",
					"$(inherited)",
				);
				GCC_WARN_64_TO_32_BIT_CONVERSION = YES;
				GCC_WARN_ABOUT_RETURN_TYPE = YES_ERROR;
				GCC_WARN_UNDECLARED_SELECTOR = YES;
				GCC_WARN_UNINITIALIZED_AUTOS = YES_AGGRESSIVE;
				GCC_WARN_UNUSED_FUNCTION = YES;
				GCC_WARN_UNUSED_VARIABLE = YES;
				IPHONEOS_DEPLOYMENT_TARGET = 15.0;
				MTL_ENABLE_DEBUG_INFO = INCLUDE_SOURCE;
				MTL_FAST_MATH = YES;
				ONLY_ACTIVE_ARCH = YES;
				SDKROOT = iphoneos;
				SWIFT_ACTIVE_COMPILATION_CONDITIONS = DEBUG;
				SWIFT_OPTIMIZATION_LEVEL = "-Onone";
			};
			name = Debug;
		};
		8CBA00AB273A4B6400A8E44A /* Release */ = {
			isa = XCBuildConfiguration;
			buildSettings = {
				ALWAYS_SEARCH_USER_PATHS = NO;
				CLANG_ANALYZER_LOCALIZABILITY_NONLOCALIZED = YES;
				CLANG_ANALYZER_NONNULL = YES;
				CLANG_ANALYZER_NUMBER_OBJECT_CONVERSION = YES_AGGRESSIVE;
				CLANG_CXX_LANGUAGE_STANDARD = "gnu++17";
				CLANG_CXX_LIBRARY = "libc++";
				CLANG_ENABLE_MODULES = YES;
				CLANG_ENABLE_OBJC_ARC = YES;
				CLANG_ENABLE_OBJC_WEAK = YES;
				CLANG_WARN_BLOCK_CAPTURE_AUTORELEASING = YES;
				CLANG_WARN_BOOL_CONVERSION = YES;
				CLANG_WARN_COMMA = YES;
				CLANG_WARN_CONSTANT_CONVERSION = YES;
				CLANG_WARN_DEPRECATED_OBJC_IMPLEMENTATIONS = YES;
				CLANG_WARN_DIRECT_OBJC_ISA_USAGE = YES_ERROR;
				CLANG_WARN_DOCUMENTATION_COMMENTS = YES;
				CLANG_WARN_EMPTY_BODY = YES;
				CLANG_WARN_ENUM_CONVERSION = YES;
				CLANG_WARN_INFINITE_RECURSION = YES;
				CLANG_WARN_INT_CONVERSION = YES;
				CLANG_WARN_NON_LITERAL_NULL_CONVERSION = YES;
				CLANG_WARN_OBJC_IMPLICIT_RETAIN_SELF = YES;
				CLANG_WARN_OBJC_LITERAL_CONVERSION = YES;
				CLANG_WARN_OBJC_ROOT_CLASS = YES_ERROR;
				CLANG_WARN_QUOTED_INCLUDE_IN_FRAMEWORK_HEADER = YES;
				CLANG_WARN_RANGE_LOOP_ANALYSIS = YES;
				CLANG_WARN_STRICT_PROTOTYPES = YES;
				CLANG_WARN_SUSPICIOUS_MOVE = YES;
				CLANG_WARN_UNGUARDED_AVAILABILITY = YES_AGGRESSIVE;
				CLANG_WARN_UNREACHABLE_CODE = YES;
				CLANG_WARN__DUPLICATE_METHOD_MATCH = YES;
				COPY_PHASE_STRIP = NO;
				DEBUG_INFORMATION_FORMAT = "dwarf-with-dsym";
				ENABLE_NS_ASSERTIONS = NO;
				ENABLE_STRICT_OBJC_MSGSEND = YES;
				GCC_C_LANGUAGE_STANDARD = gnu11;
				GCC_NO_COMMON_BLOCKS = YES;
				GCC_WARN_64_TO_32_BIT_CONVERSION = YES;
				GCC_WARN_ABOUT_RETURN_TYPE = YES_ERROR;
				GCC_WARN_UNDECLARED_SELECTOR = YES;
				GCC_WARN_UNINITIALIZED_AUTOS = YES_AGGRESSIVE;
				GCC_WARN_UNUSED_FUNCTION = YES;
				GCC_WARN_UNUSED_VARIABLE = YES;
				IPHONEOS_DEPLOYMENT_TARGET = 15.0;
				MTL_ENABLE_DEBUG_INFO = NO;
				MTL_FAST_MATH = YES;
				SDKROOT = iphoneos;
				SWIFT_COMPILATION_MODE = wholemodule;
				SWIFT_OPTIMIZATION_LEVEL = "-O";
				VALIDATE_PRODUCT = YES;
			};
			name = Release;
		};
		8CBA00AD273A4B6400A8E44A /* Debug */ = {
			isa = XCBuildConfiguration;
			buildSettings = {
				ASSETCATALOG_COMPILER_APPICON_NAME = AppIcon;
				ASSETCATALOG_COMPILER_GLOBAL_ACCENT_COLOR_NAME = AccentColor;
				CODE_SIGN_STYLE = Automatic;
				CURRENT_PROJECT_VERSION = 1;
				DEVELOPMENT_TEAM = G58BH98Q5G;
				GENERATE_INFOPLIST_FILE = YES;
				INFOPLIST_FILE = Relief/Info.plist;
				INFOPLIST_KEY_UIApplicationSupportsIndirectInputEvents = YES;
				INFOPLIST_KEY_UILaunchStoryboardName = LaunchScreen;
				INFOPLIST_KEY_UIMainStoryboardFile = Main;
				INFOPLIST_KEY_UISupportedInterfaceOrientations_iPad = "UIInterfaceOrientationPortrait UIInterfaceOrientationPortraitUpsideDown UIInterfaceOrientationLandscapeLeft UIInterfaceOrientationLandscapeRight";
				INFOPLIST_KEY_UISupportedInterfaceOrientations_iPhone = "UIInterfaceOrientationPortrait UIInterfaceOrientationLandscapeLeft UIInterfaceOrientationLandscapeRight";
				LD_RUNPATH_SEARCH_PATHS = (
					"$(inherited)",
					"@executable_path/Frameworks",
				);
				MARKETING_VERSION = 1.0;
				PRODUCT_BUNDLE_IDENTIFIER = com.hanaMutlaq.Relief;
				PRODUCT_NAME = "$(TARGET_NAME)";
				SWIFT_EMIT_LOC_STRINGS = YES;
				SWIFT_VERSION = 5.0;
				TARGETED_DEVICE_FAMILY = "1,2";
			};
			name = Debug;
		};
		8CBA00AE273A4B6400A8E44A /* Release */ = {
			isa = XCBuildConfiguration;
			buildSettings = {
				ASSETCATALOG_COMPILER_APPICON_NAME = AppIcon;
				ASSETCATALOG_COMPILER_GLOBAL_ACCENT_COLOR_NAME = AccentColor;
				CODE_SIGN_STYLE = Automatic;
				CURRENT_PROJECT_VERSION = 1;
				DEVELOPMENT_TEAM = G58BH98Q5G;
				GENERATE_INFOPLIST_FILE = YES;
				INFOPLIST_FILE = Relief/Info.plist;
				INFOPLIST_KEY_UIApplicationSupportsIndirectInputEvents = YES;
				INFOPLIST_KEY_UILaunchStoryboardName = LaunchScreen;
				INFOPLIST_KEY_UIMainStoryboardFile = Main;
				INFOPLIST_KEY_UISupportedInterfaceOrientations_iPad = "UIInterfaceOrientationPortrait UIInterfaceOrientationPortraitUpsideDown UIInterfaceOrientationLandscapeLeft UIInterfaceOrientationLandscapeRight";
				INFOPLIST_KEY_UISupportedInterfaceOrientations_iPhone = "UIInterfaceOrientationPortrait UIInterfaceOrientationLandscapeLeft UIInterfaceOrientationLandscapeRight";
				LD_RUNPATH_SEARCH_PATHS = (
					"$(inherited)",
					"@executable_path/Frameworks",
				);
				MARKETING_VERSION = 1.0;
				PRODUCT_BUNDLE_IDENTIFIER = com.hanaMutlaq.Relief;
				PRODUCT_NAME = "$(TARGET_NAME)";
				SWIFT_EMIT_LOC_STRINGS = YES;
				SWIFT_VERSION = 5.0;
				TARGETED_DEVICE_FAMILY = "1,2";
			};
			name = Release;
		};
/* End XCBuildConfiguration section */

/* Begin XCConfigurationList section */
		8CBA0093273A4B6300A8E44A /* Build configuration list for PBXProject "Relief" */ = {
			isa = XCConfigurationList;
			buildConfigurations = (
				8CBA00AA273A4B6400A8E44A /* Debug */,
				8CBA00AB273A4B6400A8E44A /* Release */,
			);
			defaultConfigurationIsVisible = 0;
			defaultConfigurationName = Release;
		};
		8CBA00AC273A4B6400A8E44A /* Build configuration list for PBXNativeTarget "Relief" */ = {
			isa = XCConfigurationList;
			buildConfigurations = (
				8CBA00AD273A4B6400A8E44A /* Debug */,
				8CBA00AE273A4B6400A8E44A /* Release */,
			);
			defaultConfigurationIsVisible = 0;
			defaultConfigurationName = Release;
		};
/* End XCConfigurationList section */
	};
	rootObject = 8CBA0090273A4B6300A8E44A /* Project object */;
}
